
Microsoft Visual Studio Solution File, Format Version 12.00
# Visual Studio Version 17
VisualStudioVersion = 17.9.34414.90
MinimumVisualStudioVersion = 10.0.40219.1
Project("{9A19103F-16F7-4668-BE54-9A1E7A4F7556}") = "SP 01. Processes", "SP 01. Processes\SP 01. Processes.csproj", "{95A9B87E-33C2-499A-B270-986D1D11127A}"
EndProject
Project("{2150E333-8FDC-42A3-9474-1A3956D46DE8}") = "SP 01", "SP 01", "{41E1CABE-E7AD-4086-A89A-D652568D1D90}"
EndProject
Project("{2150E333-8FDC-42A3-9474-1A3956D46DE8}") = "SP 03", "SP 03", "{BCEA9121-1E54-46D3-A005-F2BD059CBA94}"
EndProject
Project("{9A19103F-16F7-4668-BE54-9A1E7A4F7556}") = "SP 03. ThreadPool", "SP 03. ThreadPool\SP 03. ThreadPool.csproj", "{BC8F3358-0F54-45A0-932E-C95A059CE32E}"
EndProject
Project("{9A19103F-16F7-4668-BE54-9A1E7A4F7556}") = "SP 03. ThreadPool VS Thread", "SP 03. ThreadPool VS Thread\SP 03. ThreadPool VS Thread.csproj", "{1CC77DFC-9668-4629-AE81-04B1D7F2FE85}"
EndProject
Project("{2150E333-8FDC-42A3-9474-1A3956D46DE8}") = "SP 04", "SP 04", "{A54E0B10-641C-4361-8FA2-375FED5133C6}"
EndProject
Project("{9A19103F-16F7-4668-BE54-9A1E7A4F7556}") = "SP 04. monitor, lock", "SP 04. monitor, lock\SP 04. monitor, lock.csproj", "{12FDA6D7-CDB1-4AC3-9E30-F7B569425FC7}"
EndProject
Project("{9A19103F-16F7-4668-BE54-9A1E7A4F7556}") = "SP 05. Mutex", "SP 05. Mutex\SP 05. Mutex.csproj", "{EF83FE78-2AB3-435A-B526-53674C9E36C7}"
EndProject
Project("{2150E333-8FDC-42A3-9474-1A3956D46DE8}") = "SP 05", "SP 05", "{D56F01CB-1A02-40D3-A81D-E0348F5B07CA}"
EndProject
Project("{9A19103F-16F7-4668-BE54-9A1E7A4F7556}") = "SP 05. Semaphore, SemaphoreSlim", "SP 05. Semaphore, SemaphoreSlim\SP 05. Semaphore, SemaphoreSlim.csproj", "{48D64058-8228-4B37-AA1A-6CAAB1014B48}"
EndProject
Project("{2150E333-8FDC-42A3-9474-1A3956D46DE8}") = "SP 06", "SP 06", "{8C76B4E3-9087-484C-B32A-0FC8147CECC5}"
EndProject
Project("{9A19103F-16F7-4668-BE54-9A1E7A4F7556}") = "SP 06. Deadlock", "SP 06. Deadlock\SP 06. Deadlock.csproj", "{341A1371-C838-445D-A83D-B066508E75CA}"
EndProject
Project("{9A19103F-16F7-4668-BE54-9A1E7A4F7556}") = "SP 06. Cancellation token", "SP 06. Cancellation token\SP 06. Cancellation token.csproj", "{2AE70ADA-30C6-41DE-BF8B-8BA46301EB2D}"
EndProject
Project("{9A19103F-16F7-4668-BE54-9A1E7A4F7556}") = "SP 06. TPL", "SP 06. TPL\SP 06. TPL.csproj", "{AB533703-ABDA-4C42-A45C-7E5133C52FA5}"
EndProject
Project("{9A19103F-16F7-4668-BE54-9A1E7A4F7556}") = "SP 06. Task result", "SP 06. Task result\SP 06. Task result.csproj", "{D2B6288C-32DB-499B-AEEF-225D36B1F137}"
EndProject
Project("{2150E333-8FDC-42A3-9474-1A3956D46DE8}") = "SP 08", "SP 08", "{07541679-3503-4FF5-BD0C-4A8297D345D8}"
EndProject
Project("{FAE04EC0-301F-11D3-BF4B-00C04F79EFBC}") = "SP 08. async await", "SP 08. async await\SP 08. async await.csproj", "{13E1953D-01AE-4455-BAC8-89DB18CBD5A0}"
EndProject
Project("{FAE04EC0-301F-11D3-BF4B-00C04F79EFBC}") = "SP 08. async Love", "SP 08. async Love\SP 08. async Love.csproj", "{E49614DD-4F31-4DB5-B6CA-77F3FA99E914}"
EndProject
Project("{FAE04EC0-301F-11D3-BF4B-00C04F79EFBC}") = "SP 08. Main Async", "SP 08. Main Async\SP 08. Main Async.csproj", "{899735D8-A9A7-45FD-A8FC-B856E6BE5067}"
EndProject
Global
	GlobalSection(SolutionConfigurationPlatforms) = preSolution
		Debug|Any CPU = Debug|Any CPU
		Release|Any CPU = Release|Any CPU
	EndGlobalSection
	GlobalSection(ProjectConfigurationPlatforms) = postSolution
		{95A9B87E-33C2-499A-B270-986D1D11127A}.Debug|Any CPU.ActiveCfg = Debug|Any CPU
		{95A9B87E-33C2-499A-B270-986D1D11127A}.Debug|Any CPU.Build.0 = Debug|Any CPU
		{95A9B87E-33C2-499A-B270-986D1D11127A}.Release|Any CPU.ActiveCfg = Release|Any CPU
		{95A9B87E-33C2-499A-B270-986D1D11127A}.Release|Any CPU.Build.0 = Release|Any CPU
		{BC8F3358-0F54-45A0-932E-C95A059CE32E}.Debug|Any CPU.ActiveCfg = Debug|Any CPU
		{BC8F3358-0F54-45A0-932E-C95A059CE32E}.Debug|Any CPU.Build.0 = Debug|Any CPU
		{BC8F3358-0F54-45A0-932E-C95A059CE32E}.Release|Any CPU.ActiveCfg = Release|Any CPU
		{BC8F3358-0F54-45A0-932E-C95A059CE32E}.Release|Any CPU.Build.0 = Release|Any CPU
		{1CC77DFC-9668-4629-AE81-04B1D7F2FE85}.Debug|Any CPU.ActiveCfg = Debug|Any CPU
		{1CC77DFC-9668-4629-AE81-04B1D7F2FE85}.Debug|Any CPU.Build.0 = Debug|Any CPU
		{1CC77DFC-9668-4629-AE81-04B1D7F2FE85}.Release|Any CPU.ActiveCfg = Release|Any CPU
		{1CC77DFC-9668-4629-AE81-04B1D7F2FE85}.Release|Any CPU.Build.0 = Release|Any CPU
		{12FDA6D7-CDB1-4AC3-9E30-F7B569425FC7}.Debug|Any CPU.ActiveCfg = Debug|Any CPU
		{12FDA6D7-CDB1-4AC3-9E30-F7B569425FC7}.Debug|Any CPU.Build.0 = Debug|Any CPU
		{12FDA6D7-CDB1-4AC3-9E30-F7B569425FC7}.Release|Any CPU.ActiveCfg = Release|Any CPU
		{12FDA6D7-CDB1-4AC3-9E30-F7B569425FC7}.Release|Any CPU.Build.0 = Release|Any CPU
		{EF83FE78-2AB3-435A-B526-53674C9E36C7}.Debug|Any CPU.ActiveCfg = Debug|Any CPU
		{EF83FE78-2AB3-435A-B526-53674C9E36C7}.Debug|Any CPU.Build.0 = Debug|Any CPU
		{EF83FE78-2AB3-435A-B526-53674C9E36C7}.Release|Any CPU.ActiveCfg = Release|Any CPU
		{EF83FE78-2AB3-435A-B526-53674C9E36C7}.Release|Any CPU.Build.0 = Release|Any CPU
		{48D64058-8228-4B37-AA1A-6CAAB1014B48}.Debug|Any CPU.ActiveCfg = Debug|Any CPU
		{48D64058-8228-4B37-AA1A-6CAAB1014B48}.Debug|Any CPU.Build.0 = Debug|Any CPU
		{48D64058-8228-4B37-AA1A-6CAAB1014B48}.Release|Any CPU.ActiveCfg = Release|Any CPU
		{48D64058-8228-4B37-AA1A-6CAAB1014B48}.Release|Any CPU.Build.0 = Release|Any CPU
		{341A1371-C838-445D-A83D-B066508E75CA}.Debug|Any CPU.ActiveCfg = Debug|Any CPU
		{341A1371-C838-445D-A83D-B066508E75CA}.Debug|Any CPU.Build.0 = Debug|Any CPU
		{341A1371-C838-445D-A83D-B066508E75CA}.Release|Any CPU.ActiveCfg = Release|Any CPU
		{341A1371-C838-445D-A83D-B066508E75CA}.Release|Any CPU.Build.0 = Release|Any CPU
		{2AE70ADA-30C6-41DE-BF8B-8BA46301EB2D}.Debug|Any CPU.ActiveCfg = Debug|Any CPU
		{2AE70ADA-30C6-41DE-BF8B-8BA46301EB2D}.Debug|Any CPU.Build.0 = Debug|Any CPU
		{2AE70ADA-30C6-41DE-BF8B-8BA46301EB2D}.Release|Any CPU.ActiveCfg = Release|Any CPU
		{2AE70ADA-30C6-41DE-BF8B-8BA46301EB2D}.Release|Any CPU.Build.0 = Release|Any CPU
		{AB533703-ABDA-4C42-A45C-7E5133C52FA5}.Debug|Any CPU.ActiveCfg = Debug|Any CPU
		{AB533703-ABDA-4C42-A45C-7E5133C52FA5}.Debug|Any CPU.Build.0 = Debug|Any CPU
		{AB533703-ABDA-4C42-A45C-7E5133C52FA5}.Release|Any CPU.ActiveCfg = Release|Any CPU
		{AB533703-ABDA-4C42-A45C-7E5133C52FA5}.Release|Any CPU.Build.0 = Release|Any CPU
		{D2B6288C-32DB-499B-AEEF-225D36B1F137}.Debug|Any CPU.ActiveCfg = Debug|Any CPU
		{D2B6288C-32DB-499B-AEEF-225D36B1F137}.Debug|Any CPU.Build.0 = Debug|Any CPU
		{D2B6288C-32DB-499B-AEEF-225D36B1F137}.Release|Any CPU.ActiveCfg = Release|Any CPU
		{D2B6288C-32DB-499B-AEEF-225D36B1F137}.Release|Any CPU.Build.0 = Release|Any CPU
		{13E1953D-01AE-4455-BAC8-89DB18CBD5A0}.Debug|Any CPU.ActiveCfg = Debug|Any CPU
		{13E1953D-01AE-4455-BAC8-89DB18CBD5A0}.Debug|Any CPU.Build.0 = Debug|Any CPU
		{13E1953D-01AE-4455-BAC8-89DB18CBD5A0}.Release|Any CPU.ActiveCfg = Release|Any CPU
		{13E1953D-01AE-4455-BAC8-89DB18CBD5A0}.Release|Any CPU.Build.0 = Release|Any CPU
		{E49614DD-4F31-4DB5-B6CA-77F3FA99E914}.Debug|Any CPU.ActiveCfg = Debug|Any CPU
		{E49614DD-4F31-4DB5-B6CA-77F3FA99E914}.Debug|Any CPU.Build.0 = Debug|Any CPU
		{E49614DD-4F31-4DB5-B6CA-77F3FA99E914}.Release|Any CPU.ActiveCfg = Release|Any CPU
		{E49614DD-4F31-4DB5-B6CA-77F3FA99E914}.Release|Any CPU.Build.0 = Release|Any CPU
		{899735D8-A9A7-45FD-A8FC-B856E6BE5067}.Debug|Any CPU.ActiveCfg = Debug|Any CPU
		{899735D8-A9A7-45FD-A8FC-B856E6BE5067}.Debug|Any CPU.Build.0 = Debug|Any CPU
		{899735D8-A9A7-45FD-A8FC-B856E6BE5067}.Release|Any CPU.ActiveCfg = Release|Any CPU
		{899735D8-A9A7-45FD-A8FC-B856E6BE5067}.Release|Any CPU.Build.0 = Release|Any CPU
	EndGlobalSection
	GlobalSection(SolutionProperties) = preSolution
		HideSolutionNode = FALSE
	EndGlobalSection
	GlobalSection(NestedProjects) = preSolution
		{95A9B87E-33C2-499A-B270-986D1D11127A} = {41E1CABE-E7AD-4086-A89A-D652568D1D90}
		{BC8F3358-0F54-45A0-932E-C95A059CE32E} = {BCEA9121-1E54-46D3-A005-F2BD059CBA94}
		{1CC77DFC-9668-4629-AE81-04B1D7F2FE85} = {BCEA9121-1E54-46D3-A005-F2BD059CBA94}
		{12FDA6D7-CDB1-4AC3-9E30-F7B569425FC7} = {A54E0B10-641C-4361-8FA2-375FED5133C6}
		{EF83FE78-2AB3-435A-B526-53674C9E36C7} = {D56F01CB-1A02-40D3-A81D-E0348F5B07CA}
		{48D64058-8228-4B37-AA1A-6CAAB1014B48} = {D56F01CB-1A02-40D3-A81D-E0348F5B07CA}
		{341A1371-C838-445D-A83D-B066508E75CA} = {8C76B4E3-9087-484C-B32A-0FC8147CECC5}
		{2AE70ADA-30C6-41DE-BF8B-8BA46301EB2D} = {8C76B4E3-9087-484C-B32A-0FC8147CECC5}
		{AB533703-ABDA-4C42-A45C-7E5133C52FA5} = {8C76B4E3-9087-484C-B32A-0FC8147CECC5}
		{D2B6288C-32DB-499B-AEEF-225D36B1F137} = {8C76B4E3-9087-484C-B32A-0FC8147CECC5}
		{13E1953D-01AE-4455-BAC8-89DB18CBD5A0} = {07541679-3503-4FF5-BD0C-4A8297D345D8}
		{E49614DD-4F31-4DB5-B6CA-77F3FA99E914} = {07541679-3503-4FF5-BD0C-4A8297D345D8}
		{899735D8-A9A7-45FD-A8FC-B856E6BE5067} = {07541679-3503-4FF5-BD0C-4A8297D345D8}
	EndGlobalSection
	GlobalSection(ExtensibilityGlobals) = postSolution
		SolutionGuid = {BAB8DA17-4409-4AFA-B2D1-36F90157877B}
	EndGlobalSection
EndGlobal
